
Microsoft Visual Studio Solution File, Format Version 12.00
# Visual Studio Version 17
VisualStudioVersion = 17.4.33205.214
MinimumVisualStudioVersion = 10.0.40219.1
Project("{FAE04EC0-301F-11D3-BF4B-00C04F79EFBC}") = "VisitorPlacementTool", "VisitorPlacementTool\VisitorPlacementTool.csproj", "{8EB6527D-2F55-4270-81D0-E07C871203D1}"
EndProject
Project("{FAE04EC0-301F-11D3-BF4B-00C04F79EFBC}") = "VPTLogic", "VPTLogic\VPTLogic.csproj", "{F73815D1-D8E9-489B-ACDC-100266B2F11E}"
EndProject
Global
	GlobalSection(SolutionConfigurationPlatforms) = preSolution
		Debug|Any CPU = Debug|Any CPU
		Release|Any CPU = Release|Any CPU
	EndGlobalSection
	GlobalSection(ProjectConfigurationPlatforms) = postSolution
		{8EB6527D-2F55-4270-81D0-E07C871203D1}.Debug|Any CPU.ActiveCfg = Debug|Any CPU
		{8EB6527D-2F55-4270-81D0-E07C871203D1}.Debug|Any CPU.Build.0 = Debug|Any CPU
		{8EB6527D-2F55-4270-81D0-E07C871203D1}.Release|Any CPU.ActiveCfg = Release|Any CPU
		{8EB6527D-2F55-4270-81D0-E07C871203D1}.Release|Any CPU.Build.0 = Release|Any CPU
		{F73815D1-D8E9-489B-ACDC-100266B2F11E}.Debug|Any CPU.ActiveCfg = Debug|Any CPU
		{F73815D1-D8E9-489B-ACDC-100266B2F11E}.Debug|Any CPU.Build.0 = Debug|Any CPU
		{F73815D1-D8E9-489B-ACDC-100266B2F11E}.Release|Any CPU.ActiveCfg = Release|Any CPU
		{F73815D1-D8E9-489B-ACDC-100266B2F11E}.Release|Any CPU.Build.0 = Release|Any CPU
	EndGlobalSection
	GlobalSection(SolutionProperties) = preSolution
		HideSolutionNode = FALSE
	EndGlobalSection
	GlobalSection(ExtensibilityGlobals) = postSolution
		SolutionGuid = {11A80873-13E8-4ADB-929F-31D0E1272022}
	EndGlobalSection
EndGlobal
